
Microsoft Visual Studio Solution File, Format Version 12.00
# Visual Studio Version 16
VisualStudioVersion = 16.0.32228.343
MinimumVisualStudioVersion = 10.0.40219.1
Project("{FAE04EC0-301F-11D3-BF4B-00C04F79EFBC}") = "PharmacyManagementSystem", "PharmacyManagementSystem\PharmacyManagementSystem.csproj", "{D5B5BDB0-8C77-4A30-AD05-002B9FFF2045}"
EndProject
Global
	GlobalSection(SolutionConfigurationPlatforms) = preSolution
		Debug|Any CPU = Debug|Any CPU
		Release|Any CPU = Release|Any CPU
	EndGlobalSection
	GlobalSection(ProjectConfigurationPlatforms) = postSolution
		{D5B5BDB0-8C77-4A30-AD05-002B9FFF2045}.Debug|Any CPU.ActiveCfg = Debug|Any CPU
		{D5B5BDB0-8C77-4A30-AD05-002B9FFF2045}.Debug|Any CPU.Build.0 = Debug|Any CPU
		{D5B5BDB0-8C77-4A30-AD05-002B9FFF2045}.Release|Any CPU.ActiveCfg = Release|Any CPU
		{D5B5BDB0-8C77-4A30-AD05-002B9FFF2045}.Release|Any CPU.Build.0 = Release|Any CPU
	EndGlobalSection
	GlobalSection(SolutionProperties) = preSolution
		HideSolutionNode = FALSE
	EndGlobalSection
	GlobalSection(ExtensibilityGlobals) = postSolution
		SolutionGuid = {150E8B1F-3ECD-40DE-940C-DC2ADBF81DD9}
	EndGlobalSection
EndGlobal
