
Microsoft Visual Studio Solution File, Format Version 12.00
# Visual Studio Version 16
VisualStudioVersion = 16.0.32228.343
MinimumVisualStudioVersion = 10.0.40219.1
Project("{FAE04EC0-301F-11D3-BF4B-00C04F79EFBC}") = "BankingApp", "BankingApp\BankingApp.csproj", "{A6B15A31-7BB4-4D4F-96C2-B24D70A2EC1C}"
EndProject
Global
	GlobalSection(SolutionConfigurationPlatforms) = preSolution
		Debug|Any CPU = Debug|Any CPU
		Release|Any CPU = Release|Any CPU
	EndGlobalSection
	GlobalSection(ProjectConfigurationPlatforms) = postSolution
		{A6B15A31-7BB4-4D4F-96C2-B24D70A2EC1C}.Debug|Any CPU.ActiveCfg = Debug|Any CPU
		{A6B15A31-7BB4-4D4F-96C2-B24D70A2EC1C}.Debug|Any CPU.Build.0 = Debug|Any CPU
		{A6B15A31-7BB4-4D4F-96C2-B24D70A2EC1C}.Release|Any CPU.ActiveCfg = Release|Any CPU
		{A6B15A31-7BB4-4D4F-96C2-B24D70A2EC1C}.Release|Any CPU.Build.0 = Release|Any CPU
	EndGlobalSection
	GlobalSection(SolutionProperties) = preSolution
		HideSolutionNode = FALSE
	EndGlobalSection
	GlobalSection(ExtensibilityGlobals) = postSolution
		SolutionGuid = {DE5DBFC6-8062-497E-B8A8-54535CCB1E4E}
	EndGlobalSection
EndGlobal
